
Microsoft Visual Studio Solution File, Format Version 12.00
# Visual Studio Version 17
VisualStudioVersion = 17.14.36908.2
MinimumVisualStudioVersion = 10.0.40219.1
Project("{FAE04EC0-301F-11D3-BF4B-00C04F79EFBC}") = "3D-Prints-APP.Web", "3D-Prints-APP.Web.csproj", "{4CFFC9CF-1CD0-4325-AFDF-6B53F4F960DE}"
EndProject
Project("{2150E333-8FDC-42A3-9474-1A3956D46DE8}") = "Web", "Web", "{02EA681E-C7D8-13C7-8484-4AC65E1B71E8}"
EndProject
Project("{2150E333-8FDC-42A3-9474-1A3956D46DE8}") = "Data", "Data", "{7146CE9E-289B-46FD-BF8B-8F6A1033B455}"
EndProject
Project("{FAE04EC0-301F-11D3-BF4B-00C04F79EFBC}") = "3D-Prints-APP.Data", "..\3D-Prints-APP.Data\3D-Prints-APP.Data.csproj", "{5A945BF1-2713-4ABA-843E-416C718CB477}"
EndProject
Project("{FAE04EC0-301F-11D3-BF4B-00C04F79EFBC}") = "3D-Prints-APP-Services.Core", "..\3D-Prints-APP-Services\3D-Prints-APP-Services.Core.csproj", "{86DD631B-CACF-4B7A-AEDB-9050F4426055}"
EndProject
Project("{FAE04EC0-301F-11D3-BF4B-00C04F79EFBC}") = "3D-Prints-APP.Data.Model", "..\3D-Prints-APP.Data.Model\3D-Prints-APP.Data.Model.csproj", "{9EAD8928-9EC2-4E5D-9E2B-9DB7F81FF22C}"
EndProject
Project("{2150E333-8FDC-42A3-9474-1A3956D46DE8}") = "Services", "Services", "{4555B463-B8C4-434E-AD8D-3804594D7691}"
EndProject
Project("{FAE04EC0-301F-11D3-BF4B-00C04F79EFBC}") = "3D-Prints-APP.GCommon", "..\3D-Prints-APP.GCommon\3D-Prints-APP.GCommon.csproj", "{AF266252-6FC0-4AA3-BA20-5C8A6D39B287}"
EndProject
Project("{FAE04EC0-301F-11D3-BF4B-00C04F79EFBC}") = "3D-Prints-APP.Web.ViewModels", "..\3D-Prints-APP.Web.ViewModels\3D-Prints-APP.Web.ViewModels.csproj", "{C6A1CFD2-B8B9-4AF6-BC79-7E96DD811ADF}"
EndProject
Project("{FAE04EC0-301F-11D3-BF4B-00C04F79EFBC}") = "3DPrintsAPP.Tests", "..\3DPrintsAPP.Tests\3DPrintsAPP.Tests.csproj", "{43BEB864-4657-435A-BCFD-97143E0FF414}"
EndProject
Global
	GlobalSection(SolutionConfigurationPlatforms) = preSolution
		Debug|Any CPU = Debug|Any CPU
		Release|Any CPU = Release|Any CPU
	EndGlobalSection
	GlobalSection(ProjectConfigurationPlatforms) = postSolution
		{4CFFC9CF-1CD0-4325-AFDF-6B53F4F960DE}.Debug|Any CPU.ActiveCfg = Debug|Any CPU
		{4CFFC9CF-1CD0-4325-AFDF-6B53F4F960DE}.Debug|Any CPU.Build.0 = Debug|Any CPU
		{4CFFC9CF-1CD0-4325-AFDF-6B53F4F960DE}.Release|Any CPU.ActiveCfg = Release|Any CPU
		{4CFFC9CF-1CD0-4325-AFDF-6B53F4F960DE}.Release|Any CPU.Build.0 = Release|Any CPU
		{5A945BF1-2713-4ABA-843E-416C718CB477}.Debug|Any CPU.ActiveCfg = Debug|Any CPU
		{5A945BF1-2713-4ABA-843E-416C718CB477}.Debug|Any CPU.Build.0 = Debug|Any CPU
		{5A945BF1-2713-4ABA-843E-416C718CB477}.Release|Any CPU.ActiveCfg = Release|Any CPU
		{5A945BF1-2713-4ABA-843E-416C718CB477}.Release|Any CPU.Build.0 = Release|Any CPU
		{86DD631B-CACF-4B7A-AEDB-9050F4426055}.Debug|Any CPU.ActiveCfg = Debug|Any CPU
		{86DD631B-CACF-4B7A-AEDB-9050F4426055}.Debug|Any CPU.Build.0 = Debug|Any CPU
		{86DD631B-CACF-4B7A-AEDB-9050F4426055}.Release|Any CPU.ActiveCfg = Release|Any CPU
		{86DD631B-CACF-4B7A-AEDB-9050F4426055}.Release|Any CPU.Build.0 = Release|Any CPU
		{9EAD8928-9EC2-4E5D-9E2B-9DB7F81FF22C}.Debug|Any CPU.ActiveCfg = Debug|Any CPU
		{9EAD8928-9EC2-4E5D-9E2B-9DB7F81FF22C}.Debug|Any CPU.Build.0 = Debug|Any CPU
		{9EAD8928-9EC2-4E5D-9E2B-9DB7F81FF22C}.Release|Any CPU.ActiveCfg = Release|Any CPU
		{9EAD8928-9EC2-4E5D-9E2B-9DB7F81FF22C}.Release|Any CPU.Build.0 = Release|Any CPU
		{AF266252-6FC0-4AA3-BA20-5C8A6D39B287}.Debug|Any CPU.ActiveCfg = Debug|Any CPU
		{AF266252-6FC0-4AA3-BA20-5C8A6D39B287}.Debug|Any CPU.Build.0 = Debug|Any CPU
		{AF266252-6FC0-4AA3-BA20-5C8A6D39B287}.Release|Any CPU.ActiveCfg = Release|Any CPU
		{AF266252-6FC0-4AA3-BA20-5C8A6D39B287}.Release|Any CPU.Build.0 = Release|Any CPU
		{C6A1CFD2-B8B9-4AF6-BC79-7E96DD811ADF}.Debug|Any CPU.ActiveCfg = Debug|Any CPU
		{C6A1CFD2-B8B9-4AF6-BC79-7E96DD811ADF}.Debug|Any CPU.Build.0 = Debug|Any CPU
		{C6A1CFD2-B8B9-4AF6-BC79-7E96DD811ADF}.Release|Any CPU.ActiveCfg = Release|Any CPU
		{C6A1CFD2-B8B9-4AF6-BC79-7E96DD811ADF}.Release|Any CPU.Build.0 = Release|Any CPU
		{43BEB864-4657-435A-BCFD-97143E0FF414}.Debug|Any CPU.ActiveCfg = Debug|Any CPU
		{43BEB864-4657-435A-BCFD-97143E0FF414}.Debug|Any CPU.Build.0 = Debug|Any CPU
		{43BEB864-4657-435A-BCFD-97143E0FF414}.Release|Any CPU.ActiveCfg = Release|Any CPU
		{43BEB864-4657-435A-BCFD-97143E0FF414}.Release|Any CPU.Build.0 = Release|Any CPU
	EndGlobalSection
	GlobalSection(SolutionProperties) = preSolution
		HideSolutionNode = FALSE
	EndGlobalSection
	GlobalSection(NestedProjects) = preSolution
		{4CFFC9CF-1CD0-4325-AFDF-6B53F4F960DE} = {02EA681E-C7D8-13C7-8484-4AC65E1B71E8}
		{5A945BF1-2713-4ABA-843E-416C718CB477} = {7146CE9E-289B-46FD-BF8B-8F6A1033B455}
		{86DD631B-CACF-4B7A-AEDB-9050F4426055} = {4555B463-B8C4-434E-AD8D-3804594D7691}
		{9EAD8928-9EC2-4E5D-9E2B-9DB7F81FF22C} = {7146CE9E-289B-46FD-BF8B-8F6A1033B455}
		{C6A1CFD2-B8B9-4AF6-BC79-7E96DD811ADF} = {02EA681E-C7D8-13C7-8484-4AC65E1B71E8}
	EndGlobalSection
	GlobalSection(ExtensibilityGlobals) = postSolution
		SolutionGuid = {54FEBA4D-9D61-48A3-B754-70F3C71C2C0B}
	EndGlobalSection
EndGlobal
