
Microsoft Visual Studio Solution File, Format Version 12.00
# Visual Studio Version 17
VisualStudioVersion = 17.14.36908.2 d17.14
MinimumVisualStudioVersion = 10.0.40219.1
Project("{FAE04EC0-301F-11D3-BF4B-00C04F79EFBC}") = "3D-Prints-ASP.NET-Core-MVC-APP", "3D-Prints-ASP.NET-Core-MVC-APP.csproj", "{4CFFC9CF-1CD0-4325-AFDF-6B53F4F960DE}"
EndProject
Global
	GlobalSection(SolutionConfigurationPlatforms) = preSolution
		Debug|Any CPU = Debug|Any CPU
		Release|Any CPU = Release|Any CPU
	EndGlobalSection
	GlobalSection(ProjectConfigurationPlatforms) = postSolution
		{4CFFC9CF-1CD0-4325-AFDF-6B53F4F960DE}.Debug|Any CPU.ActiveCfg = Debug|Any CPU
		{4CFFC9CF-1CD0-4325-AFDF-6B53F4F960DE}.Debug|Any CPU.Build.0 = Debug|Any CPU
		{4CFFC9CF-1CD0-4325-AFDF-6B53F4F960DE}.Release|Any CPU.ActiveCfg = Release|Any CPU
		{4CFFC9CF-1CD0-4325-AFDF-6B53F4F960DE}.Release|Any CPU.Build.0 = Release|Any CPU
	EndGlobalSection
	GlobalSection(SolutionProperties) = preSolution
		HideSolutionNode = FALSE
	EndGlobalSection
	GlobalSection(ExtensibilityGlobals) = postSolution
		SolutionGuid = {54FEBA4D-9D61-48A3-B754-70F3C71C2C0B}
	EndGlobalSection
EndGlobal
